
Microsoft Visual Studio Solution File, Format Version 12.00
# Visual Studio 15
VisualStudioVersion = 15.0.27130.2010
MinimumVisualStudioVersion = 10.0.40219.1
Project("{9A19103F-16F7-4668-BE54-9A1E7A4F7556}") = "Legalizaciones.Data", "Legalizaciones.Data\Legalizaciones.Data.csproj", "{C833CFFD-290C-4EFA-A8BF-590C46233FB2}"
EndProject
Project("{9A19103F-16F7-4668-BE54-9A1E7A4F7556}") = "Legalizaciones.Core", "Legalizaciones.Core\Legalizaciones.Core.csproj", "{D1CF473D-194C-49E4-B9BC-7FF5C8FB8F1D}"
EndProject
Project("{9A19103F-16F7-4668-BE54-9A1E7A4F7556}") = "Legalizaciones.Web", "Legalizaciones.Web\Legalizaciones.Web.csproj", "{4BD94F21-C83B-417C-81D0-401BF3957173}"
EndProject
Global
	GlobalSection(SolutionConfigurationPlatforms) = preSolution
		Debug|Any CPU = Debug|Any CPU
		Release|Any CPU = Release|Any CPU
	EndGlobalSection
	GlobalSection(ProjectConfigurationPlatforms) = postSolution
		{C833CFFD-290C-4EFA-A8BF-590C46233FB2}.Debug|Any CPU.ActiveCfg = Debug|Any CPU
		{C833CFFD-290C-4EFA-A8BF-590C46233FB2}.Debug|Any CPU.Build.0 = Debug|Any CPU
		{C833CFFD-290C-4EFA-A8BF-590C46233FB2}.Release|Any CPU.ActiveCfg = Release|Any CPU
		{C833CFFD-290C-4EFA-A8BF-590C46233FB2}.Release|Any CPU.Build.0 = Release|Any CPU
		{D1CF473D-194C-49E4-B9BC-7FF5C8FB8F1D}.Debug|Any CPU.ActiveCfg = Debug|Any CPU
		{D1CF473D-194C-49E4-B9BC-7FF5C8FB8F1D}.Debug|Any CPU.Build.0 = Debug|Any CPU
		{D1CF473D-194C-49E4-B9BC-7FF5C8FB8F1D}.Release|Any CPU.ActiveCfg = Release|Any CPU
		{D1CF473D-194C-49E4-B9BC-7FF5C8FB8F1D}.Release|Any CPU.Build.0 = Release|Any CPU
		{4BD94F21-C83B-417C-81D0-401BF3957173}.Debug|Any CPU.ActiveCfg = Debug|Any CPU
		{4BD94F21-C83B-417C-81D0-401BF3957173}.Debug|Any CPU.Build.0 = Debug|Any CPU
		{4BD94F21-C83B-417C-81D0-401BF3957173}.Release|Any CPU.ActiveCfg = Release|Any CPU
		{4BD94F21-C83B-417C-81D0-401BF3957173}.Release|Any CPU.Build.0 = Release|Any CPU
	EndGlobalSection
	GlobalSection(SolutionProperties) = preSolution
		HideSolutionNode = FALSE
	EndGlobalSection
	GlobalSection(ExtensibilityGlobals) = postSolution
		SolutionGuid = {4EE2A5BE-C882-47F1-95ED-79709762F82F}
	EndGlobalSection
EndGlobal
